# This file was autogenerated by Stack.
# You should not edit this file by hand.
# For more information, please see the documentation at:
#   https://docs.haskellstack.org/en/stable/topics/lock_files

packages:
- completed:
    name: compdata
    pantry-tree:
      sha256: f833bc122972beb6b51a483a64bf0c6d36e677ca566d1429341722bb20c5d7b9
      size: 10273
    sha256: 5c0e83a2488136c0d2585a82179189318dd60c7b1310ee6389ea700fc3523b01
    size: 504275
    url: https://github.com/pkamenarsky/compdata/archive/f655b264a9fc932aa0654b5becab1520ccfbbb4f.tar.gz
    version: 0.13.1
  original:
    url: https://github.com/pkamenarsky/compdata/archive/f655b264a9fc932aa0654b5becab1520ccfbbb4f.tar.gz
- completed:
    hackage: yarl-0.1.1.0@sha256:ae247595070d317e9d2241acc7ea3e33e34519e9b0dbd2150d8d80d15f34c41f,3519
    pantry-tree:
      sha256: ab124052f457e05951a4e068e3db561acee3a83d83f3f6df40c3a1b5cec5029b
      size: 1030
  original:
    hackage: yarl-0.1.1.0@sha256:ae247595070d317e9d2241acc7ea3e33e34519e9b0dbd2150d8d80d15f34c41f,3519
snapshots:
- completed:
    sha256: a8cfaae441160430cdde558cb80d4f9d60746e7417b275250e4e0af57ee14f36
    size: 728954
    url: https://raw.githubusercontent.com/commercialhaskell/stackage-snapshots/master/lts/24/33.yaml
  original: lts-24.33
